
Microsoft Visual Studio Solution File, Format Version 12.00
# Visual Studio Version 17
VisualStudioVersion = 17.8.34330.188
MinimumVisualStudioVersion = 10.0.40219.1
Project("{FAE04EC0-301F-11D3-BF4B-00C04F79EFBC}") = "SoulSystem.Infra", "SoulSystem.Infra\SoulSystem.Infra.csproj", "{36F4C541-0459-410D-9B4A-C842C90F26D0}"
EndProject
Project("{FAE04EC0-301F-11D3-BF4B-00C04F79EFBC}") = "SoulSystem.Business", "SoulSystem.Business\SoulSystem.Business.csproj", "{20D98F9F-4BF8-479C-ABCE-F4523BFA9BF3}"
EndProject
Global
	GlobalSection(SolutionConfigurationPlatforms) = preSolution
		Debug|Any CPU = Debug|Any CPU
		Release|Any CPU = Release|Any CPU
	EndGlobalSection
	GlobalSection(ProjectConfigurationPlatforms) = postSolution
		{36F4C541-0459-410D-9B4A-C842C90F26D0}.Debug|Any CPU.ActiveCfg = Debug|Any CPU
		{36F4C541-0459-410D-9B4A-C842C90F26D0}.Debug|Any CPU.Build.0 = Debug|Any CPU
		{36F4C541-0459-410D-9B4A-C842C90F26D0}.Release|Any CPU.ActiveCfg = Release|Any CPU
		{36F4C541-0459-410D-9B4A-C842C90F26D0}.Release|Any CPU.Build.0 = Release|Any CPU
		{20D98F9F-4BF8-479C-ABCE-F4523BFA9BF3}.Debug|Any CPU.ActiveCfg = Debug|Any CPU
		{20D98F9F-4BF8-479C-ABCE-F4523BFA9BF3}.Debug|Any CPU.Build.0 = Debug|Any CPU
		{20D98F9F-4BF8-479C-ABCE-F4523BFA9BF3}.Release|Any CPU.ActiveCfg = Release|Any CPU
		{20D98F9F-4BF8-479C-ABCE-F4523BFA9BF3}.Release|Any CPU.Build.0 = Release|Any CPU
	EndGlobalSection
	GlobalSection(SolutionProperties) = preSolution
		HideSolutionNode = FALSE
	EndGlobalSection
	GlobalSection(ExtensibilityGlobals) = postSolution
		SolutionGuid = {B3E40345-E9B0-45AE-89F1-FD3901A7ABD8}
	EndGlobalSection
EndGlobal
